
Microsoft Visual Studio Solution File, Format Version 12.00
# Visual Studio Version 17
VisualStudioVersion = 17.10.35122.118
MinimumVisualStudioVersion = 10.0.40219.1
Project("{8BC9CEB8-8B4A-11D0-8D11-00A0C91BC942}") = "Practica01", "Practica01\Practica01.vcxproj", "{E6B3956C-55F7-4DDD-955A-C2DAE71D889A}"
EndProject
Global
	GlobalSection(SolutionConfigurationPlatforms) = preSolution
		Debug|x64 = Debug|x64
		Debug|x86 = Debug|x86
		Release|x64 = Release|x64
		Release|x86 = Release|x86
	EndGlobalSection
	GlobalSection(ProjectConfigurationPlatforms) = postSolution
		{E6B3956C-55F7-4DDD-955A-C2DAE71D889A}.Debug|x64.ActiveCfg = Debug|x64
		{E6B3956C-55F7-4DDD-955A-C2DAE71D889A}.Debug|x64.Build.0 = Debug|x64
		{E6B3956C-55F7-4DDD-955A-C2DAE71D889A}.Debug|x86.ActiveCfg = Debug|Win32
		{E6B3956C-55F7-4DDD-955A-C2DAE71D889A}.Debug|x86.Build.0 = Debug|Win32
		{E6B3956C-55F7-4DDD-955A-C2DAE71D889A}.Release|x64.ActiveCfg = Release|x64
		{E6B3956C-55F7-4DDD-955A-C2DAE71D889A}.Release|x64.Build.0 = Release|x64
		{E6B3956C-55F7-4DDD-955A-C2DAE71D889A}.Release|x86.ActiveCfg = Release|Win32
		{E6B3956C-55F7-4DDD-955A-C2DAE71D889A}.Release|x86.Build.0 = Release|Win32
	EndGlobalSection
	GlobalSection(SolutionProperties) = preSolution
		HideSolutionNode = FALSE
	EndGlobalSection
	GlobalSection(ExtensibilityGlobals) = postSolution
		SolutionGuid = {38B9A38A-57C3-4C5A-B951-1182E82D712D}
	EndGlobalSection
EndGlobal
